<Solution>
  <Folder Name="/src/">
    <Project Path="src/GenAIOps.Application/GenAIOps.Application.csproj" />
    <Project Path="src/GenAIOps.Domain/GenAIOps.Domain.csproj" />
    <Project Path="src/GenAIOps.Infrastructure/GenAIOps.Infrastructure.csproj" />
  </Folder>
  <Folder Name="/src/Api/">
    <Project Path="src/Api/GenAIOps.Api.csproj" />
  </Folder>
  <Folder Name="/src/Demo/">
    <Project Path="src/Demo/GenAIOps.Demo.csproj" />
  </Folder>
  <Folder Name="/src/Workers/" />
  <Folder Name="/src/Workers/MetricsAggregator/">
    <Project Path="src/Workers/MetricsAggregator/GenAIOps.Workers.MetricsAggregator.csproj" />
  </Folder>
  <Folder Name="/src/Workers/PromotionEngine/">
    <Project Path="src/Workers/PromotionEngine/GenAIOps.Workers.PromotionEngine.csproj" />
  </Folder>
  <Folder Name="/src/Workers/RollbackEngine/">
    <Project Path="src/Workers/RollbackEngine/GenAIOps.Workers.RollbackEngine.csproj" />
  </Folder>
  <Folder Name="/src/Workers/ShadowEvaluator/">
    <Project Path="src/Workers/ShadowEvaluator/GenAIOps.Workers.ShadowEvaluator.csproj" />
  </Folder>
  <Folder Name="/tests/">
    <Project Path="tests/GenAIOps.IntegrationTests/GenAIOps.IntegrationTests.csproj" />
    <Project Path="tests/GenAIOps.UnitTests/GenAIOps.UnitTests.csproj" />
  </Folder>
</Solution>
